
Microsoft Visual Studio Solution File, Format Version 12.00
# Visual Studio Version 17
VisualStudioVersion = 17.9.34728.123
MinimumVisualStudioVersion = 10.0.40219.1
Project("{FAE04EC0-301F-11D3-BF4B-00C04F79EFBC}") = "TextApp", "TextApp.csproj", "{B10183AC-8371-4F91-B032-128C8FA8CF9C}"
EndProject
Global
	GlobalSection(SolutionConfigurationPlatforms) = preSolution
		Debug|Any CPU = Debug|Any CPU
		Release|Any CPU = Release|Any CPU
	EndGlobalSection
	GlobalSection(ProjectConfigurationPlatforms) = postSolution
		{B10183AC-8371-4F91-B032-128C8FA8CF9C}.Debug|Any CPU.ActiveCfg = Debug|Any CPU
		{B10183AC-8371-4F91-B032-128C8FA8CF9C}.Debug|Any CPU.Build.0 = Debug|Any CPU
		{B10183AC-8371-4F91-B032-128C8FA8CF9C}.Release|Any CPU.ActiveCfg = Release|Any CPU
		{B10183AC-8371-4F91-B032-128C8FA8CF9C}.Release|Any CPU.Build.0 = Release|Any CPU
	EndGlobalSection
	GlobalSection(SolutionProperties) = preSolution
		HideSolutionNode = FALSE
	EndGlobalSection
	GlobalSection(ExtensibilityGlobals) = postSolution
		SolutionGuid = {3216A498-71DA-4CB6-ADBC-BECB3C80773D}
	EndGlobalSection
EndGlobal
